<?xml version="1.0" encoding="utf-8"?>
<Project ToolsVersion="4.0" xmlns="http://schemas.microsoft.com/developer/msbuild/2003">
  <ItemGroup>
    <Filter Include="Sources">
      <UniqueIdentifier>{8b7ed093-66ce-4096-96d2-fbb9faa4bf52}</UniqueIdentifier>
    </Filter>
    <Filter Include="Sources\Modules">
      <UniqueIdentifier>{7b418be2-1631-4a31-9ef2-8a8b234a7339}</UniqueIdentifier>
    </Filter>
    <Filter Include="Sources\Containers">
      <UniqueIdentifier>{afc36133-f401-499a-aa33-0da1e500fb52}</UniqueIdentifier>
    </Filter>
    <Filter Include="Sources\Tools">
      <UniqueIdentifier>{7e4dfaf7-022c-4f7d-92aa-f3b3fa9d6248}</UniqueIdentifier>
    </Filter>
    <Filter Include="Sources\Helpers">
      <UniqueIdentifier>{121f8e6b-df36-4ab0-be0d-601ddfc9e503}</UniqueIdentifier>
    </Filter>
    <Filter Include="Sources\Modules\Game">
      <UniqueIdentifier>{83f46af7-e02f-40c0-9e56-41d76082527b}</UniqueIdentifier>
    </Filter>
    <Filter Include="Sources\ImGui">
      <UniqueIdentifier>{72ee525a-6972-4677-ae2d-fea643a7b020}</UniqueIdentifier>
    </Filter>
    <Filter Include="Sources\Modules\UI">
      <UniqueIdentifier>{71478ded-1692-450e-a773-05884bb067c4}</UniqueIdentifier>
    </Filter>
    <Filter Include="Sources\Modules\UI\Menus">
      <UniqueIdentifier>{3667dcf0-5d7e-4fa5-95cc-238f5693ed10}</UniqueIdentifier>
    </Filter>
    <Filter Include="Sources\Tools\JsonParsing">
      <UniqueIdentifier>{07f4397a-3e56-4494-91f3-e937df679de0}</UniqueIdentifier>
    </Filter>
    <Filter Include="Sources\Tools\Assimp">
      <UniqueIdentifier>{4b3bf175-975f-4ae0-a76a-4dec1a9c3884}</UniqueIdentifier>
    </Filter>
    <Filter Include="Sources\Modules\GameObject">
      <UniqueIdentifier>{d0addfdb-e6bb-4ff6-bd02-88ac3b6301c0}</UniqueIdentifier>
    </Filter>
    <Filter Include="Sources\Modules\GameObject\Components">
      <UniqueIdentifier>{caf8c7d5-4330-4b08-a6d5-9e7fa44fb60d}</UniqueIdentifier>
    </Filter>
    <Filter Include="Sources\Modules\UI\Console">
      <UniqueIdentifier>{bebda96b-041c-43a7-92ae-1bcb510a451b}</UniqueIdentifier>
    </Filter>
    <Filter Include="Sources\Modules\UI\Project">
      <UniqueIdentifier>{3ce957fa-3cb2-4def-992a-55ab65e330f4}</UniqueIdentifier>
    </Filter>
    <Filter Include="Sources\Resources">
      <UniqueIdentifier>{310abbe6-8bdd-4a60-a774-47ccc4cad8e8}</UniqueIdentifier>
    </Filter>
    <Filter Include="Sources\Tools\MathGeo">
      <UniqueIdentifier>{1ca6fb7b-db1c-40d8-a259-c078d3bfa006}</UniqueIdentifier>
    </Filter>
    <Filter Include="Sources\Tools\ImGuizmo">
      <UniqueIdentifier>{b644b78f-cd0c-4e9a-abf1-48f16e2280a6}</UniqueIdentifier>
    </Filter>
    <Filter Include="Sources\Modules\UI\Viewports">
      <UniqueIdentifier>{8145927f-e22d-4c03-8a97-b63740797a08}</UniqueIdentifier>
    </Filter>
    <Filter Include="Sources\Modules\GameObject\Particles">
      <UniqueIdentifier>{7051bb05-9982-4727-9bea-ec6fb4743361}</UniqueIdentifier>
    </Filter>
  </ItemGroup>
  <ItemGroup>
    <ClInclude Include="Module.h">
      <Filter>Sources\Modules</Filter>
    </ClInclude>
    <ClInclude Include="ModuleAudio.h">
      <Filter>Sources\Modules</Filter>
    </ClInclude>
    <ClInclude Include="ModuleCamera3D.h">
      <Filter>Sources\Modules</Filter>
    </ClInclude>
    <ClInclude Include="ModuleInput.h">
      <Filter>Sources\Modules</Filter>
    </ClInclude>
    <ClInclude Include="ModuleRenderer3D.h">
      <Filter>Sources\Modules</Filter>
    </ClInclude>
    <ClInclude Include="ModuleWindow.h">
      <Filter>Sources\Modules</Filter>
    </ClInclude>
    <ClInclude Include="glmath.h">
      <Filter>Sources\Containers</Filter>
    </ClInclude>
    <ClInclude Include="Application.h">
      <Filter>Sources</Filter>
    </ClInclude>
    <ClInclude Include="Globals.h">
      <Filter>Sources</Filter>
    </ClInclude>
    <ClInclude Include="Primitive.h">
      <Filter>Sources\Helpers</Filter>
    </ClInclude>
    <ClInclude Include="Color.h">
      <Filter>Sources\Containers</Filter>
    </ClInclude>
    <ClInclude Include="Light.h">
      <Filter>Sources\Helpers</Filter>
    </ClInclude>
    <ClInclude Include="ModuleSceneIntro.h">
      <Filter>Sources\Modules\Game</Filter>
    </ClInclude>
    <ClInclude Include="Timer.h">
      <Filter>Sources\Tools</Filter>
    </ClInclude>
    <ClInclude Include="ImGui\imconfig.h">
      <Filter>Sources\ImGui</Filter>
    </ClInclude>
    <ClInclude Include="ImGui\imgui.h">
      <Filter>Sources\ImGui</Filter>
    </ClInclude>
    <ClInclude Include="ImGui\imgui_impl_opengl2.h">
      <Filter>Sources\ImGui</Filter>
    </ClInclude>
    <ClInclude Include="ImGui\imgui_impl_opengl3.h">
      <Filter>Sources\ImGui</Filter>
    </ClInclude>
    <ClInclude Include="ImGui\imgui_impl_opengl3_loader.h">
      <Filter>Sources\ImGui</Filter>
    </ClInclude>
    <ClInclude Include="ImGui\imgui_impl_sdl.h">
      <Filter>Sources\ImGui</Filter>
    </ClInclude>
    <ClInclude Include="ImGui\imgui_internal.h">
      <Filter>Sources\ImGui</Filter>
    </ClInclude>
    <ClInclude Include="ImGui\imstb_rectpack.h">
      <Filter>Sources\ImGui</Filter>
    </ClInclude>
    <ClInclude Include="ImGui\imstb_textedit.h">
      <Filter>Sources\ImGui</Filter>
    </ClInclude>
    <ClInclude Include="ImGui\imstb_truetype.h">
      <Filter>Sources\ImGui</Filter>
    </ClInclude>
    <ClInclude Include="ModuleUI.h">
      <Filter>Sources\Modules\UI</Filter>
    </ClInclude>
    <ClInclude Include="UI.h">
      <Filter>Sources\Modules\UI</Filter>
    </ClInclude>
    <ClInclude Include="AboutMenu.h">
      <Filter>Sources\Modules\UI\Menus</Filter>
    </ClInclude>
    <ClInclude Include="JsonParsing.h">
      <Filter>Sources\Tools\JsonParsing</Filter>
    </ClInclude>
    <ClInclude Include="json\parson.h">
      <Filter>Sources\Tools\JsonParsing</Filter>
    </ClInclude>
    <ClInclude Include="MathGeo\src\Geometry\AABB.h">
      <Filter>Sources\Tools\MathGeo</Filter>
    </ClInclude>
    <ClInclude Include="MathGeo\src\Geometry\AABB2D.h">
      <Filter>Sources\Tools\MathGeo</Filter>
    </ClInclude>
    <ClInclude Include="MathGeo\src\Geometry\Capsule.h">
      <Filter>Sources\Tools\MathGeo</Filter>
    </ClInclude>
    <ClInclude Include="MathGeo\src\Geometry\Circle.h">
      <Filter>Sources\Tools\MathGeo</Filter>
    </ClInclude>
    <ClInclude Include="MathGeo\src\Geometry\Circle2D.h">
      <Filter>Sources\Tools\MathGeo</Filter>
    </ClInclude>
    <ClInclude Include="MathGeo\src\Geometry\Frustum.h">
      <Filter>Sources\Tools\MathGeo</Filter>
    </ClInclude>
    <ClInclude Include="MathGeo\src\Geometry\GeometryAll.h">
      <Filter>Sources\Tools\MathGeo</Filter>
    </ClInclude>
    <ClInclude Include="MathGeo\src\Geometry\GeomType.h">
      <Filter>Sources\Tools\MathGeo</Filter>
    </ClInclude>
    <ClInclude Include="MathGeo\src\Geometry\HitInfo.h">
      <Filter>Sources\Tools\MathGeo</Filter>
    </ClInclude>
    <ClInclude Include="MathGeo\src\Geometry\KDTree.h">
      <Filter>Sources\Tools\MathGeo</Filter>
    </ClInclude>
    <ClInclude Include="MathGeo\src\Geometry\Line.h">
      <Filter>Sources\Tools\MathGeo</Filter>
    </ClInclude>
    <ClInclude Include="MathGeo\src\Geometry\LineSegment.h">
      <Filter>Sources\Tools\MathGeo</Filter>
    </ClInclude>
    <ClInclude Include="MathGeo\src\Geometry\LineSegment2D.h">
      <Filter>Sources\Tools\MathGeo</Filter>
    </ClInclude>
    <ClInclude Include="MathGeo\src\Geometry\OBB.h">
      <Filter>Sources\Tools\MathGeo</Filter>
    </ClInclude>
    <ClInclude Include="MathGeo\src\Geometry\OBB2D.h">
      <Filter>Sources\Tools\MathGeo</Filter>
    </ClInclude>
    <ClInclude Include="MathGeo\src\Geometry\PBVolume.h">
      <Filter>Sources\Tools\MathGeo</Filter>
    </ClInclude>
    <ClInclude Include="MathGeo\src\Geometry\Plane.h">
      <Filter>Sources\Tools\MathGeo</Filter>
    </ClInclude>
    <ClInclude Include="MathGeo\src\Geometry\Polygon.h">
      <Filter>Sources\Tools\MathGeo</Filter>
    </ClInclude>
    <ClInclude Include="MathGeo\src\Geometry\Polygon2DRef.h">
      <Filter>Sources\Tools\MathGeo</Filter>
    </ClInclude>
    <ClInclude Include="MathGeo\src\Geometry\Polyhedron.h">
      <Filter>Sources\Tools\MathGeo</Filter>
    </ClInclude>
    <ClInclude Include="MathGeo\src\Geometry\QuadTree.h">
      <Filter>Sources\Tools\MathGeo</Filter>
    </ClInclude>
    <ClInclude Include="MathGeo\src\Geometry\Ray.h">
      <Filter>Sources\Tools\MathGeo</Filter>
    </ClInclude>
    <ClInclude Include="MathGeo\src\Geometry\Sphere.h">
      <Filter>Sources\Tools\MathGeo</Filter>
    </ClInclude>
    <ClInclude Include="MathGeo\src\Geometry\Triangle.h">
      <Filter>Sources\Tools\MathGeo</Filter>
    </ClInclude>
    <ClInclude Include="MathGeo\src\Geometry\Triangle2D.h">
      <Filter>Sources\Tools\MathGeo</Filter>
    </ClInclude>
    <ClInclude Include="MathGeo\src\Geometry\TriangleMesh.h">
      <Filter>Sources\Tools\MathGeo</Filter>
    </ClInclude>
    <ClInclude Include="MathGeo\src\Math\assume.h">
      <Filter>Sources\Tools\MathGeo</Filter>
    </ClInclude>
    <ClInclude Include="MathGeo\src\Math\BitFuncs.h">
      <Filter>Sources\Tools\MathGeo</Filter>
    </ClInclude>
    <ClInclude Include="MathGeo\src\Math\BitOps.h">
      <Filter>Sources\Tools\MathGeo</Filter>
    </ClInclude>
    <ClInclude Include="MathGeo\src\Math\Callstack.h">
      <Filter>Sources\Tools\MathGeo</Filter>
    </ClInclude>
    <ClInclude Include="MathGeo\src\Math\FixedPoint.h">
      <Filter>Sources\Tools\MathGeo</Filter>
    </ClInclude>
    <ClInclude Include="MathGeo\src\Math\float2.h">
      <Filter>Sources\Tools\MathGeo</Filter>
    </ClInclude>
    <ClInclude Include="MathGeo\src\Math\float3.h">
      <Filter>Sources\Tools\MathGeo</Filter>
    </ClInclude>
    <ClInclude Include="MathGeo\src\Math\float3x3.h">
      <Filter>Sources\Tools\MathGeo</Filter>
    </ClInclude>
    <ClInclude Include="MathGeo\src\Math\float3x4.h">
      <Filter>Sources\Tools\MathGeo</Filter>
    </ClInclude>
    <ClInclude Include="MathGeo\src\Math\float4.h">
      <Filter>Sources\Tools\MathGeo</Filter>
    </ClInclude>
    <ClInclude Include="MathGeo\src\Math\float4d.h">
      <Filter>Sources\Tools\MathGeo</Filter>
    </ClInclude>
    <ClInclude Include="MathGeo\src\Math\float4x4.h">
      <Filter>Sources\Tools\MathGeo</Filter>
    </ClInclude>
    <ClInclude Include="MathGeo\src\Math\float4x4_neon.h">
      <Filter>Sources\Tools\MathGeo</Filter>
    </ClInclude>
    <ClInclude Include="MathGeo\src\Math\float4x4_sse.h">
      <Filter>Sources\Tools\MathGeo</Filter>
    </ClInclude>
    <ClInclude Include="MathGeo\src\Math\float4_neon.h">
      <Filter>Sources\Tools\MathGeo</Filter>
    </ClInclude>
    <ClInclude Include="MathGeo\src\Math\float4_sse.h">
      <Filter>Sources\Tools\MathGeo</Filter>
    </ClInclude>
    <ClInclude Include="MathGeo\src\Math\FloatCmp.h">
      <Filter>Sources\Tools\MathGeo</Filter>
    </ClInclude>
    <ClInclude Include="MathGeo\src\Math\grisu3.h">
      <Filter>Sources\Tools\MathGeo</Filter>
    </ClInclude>
    <ClInclude Include="MathGeo\src\Math\InclWindows.h">
      <Filter>Sources\Tools\MathGeo</Filter>
    </ClInclude>
    <ClInclude Include="MathGeo\src\Math\Interpolate.h">
      <Filter>Sources\Tools\MathGeo</Filter>
    </ClInclude>
    <ClInclude Include="MathGeo\src\Math\MathAll.h">
      <Filter>Sources\Tools\MathGeo</Filter>
    </ClInclude>
    <ClInclude Include="MathGeo\src\Math\MathConstants.h">
      <Filter>Sources\Tools\MathGeo</Filter>
    </ClInclude>
    <ClInclude Include="MathGeo\src\Math\MathFunc.h">
      <Filter>Sources\Tools\MathGeo</Filter>
    </ClInclude>
    <ClInclude Include="MathGeo\src\Math\MathLog.h">
      <Filter>Sources\Tools\MathGeo</Filter>
    </ClInclude>
    <ClInclude Include="MathGeo\src\Math\MathNamespace.h">
      <Filter>Sources\Tools\MathGeo</Filter>
    </ClInclude>
    <ClInclude Include="MathGeo\src\Math\MathTypes.h">
      <Filter>Sources\Tools\MathGeo</Filter>
    </ClInclude>
    <ClInclude Include="MathGeo\src\Math\MatrixProxy.h">
      <Filter>Sources\Tools\MathGeo</Filter>
    </ClInclude>
    <ClInclude Include="MathGeo\src\Math\MiniFloat.h">
      <Filter>Sources\Tools\MathGeo</Filter>
    </ClInclude>
    <ClInclude Include="MathGeo\src\Math\MultiLineMacro.h">
      <Filter>Sources\Tools\MathGeo</Filter>
    </ClInclude>
    <ClInclude Include="MathGeo\src\Math\myassert.h">
      <Filter>Sources\Tools\MathGeo</Filter>
    </ClInclude>
    <ClInclude Include="MathGeo\src\Math\Polynomial.h">
      <Filter>Sources\Tools\MathGeo</Filter>
    </ClInclude>
    <ClInclude Include="MathGeo\src\Math\Quat.h">
      <Filter>Sources\Tools\MathGeo</Filter>
    </ClInclude>
    <ClInclude Include="MathGeo\src\Math\quat_simd.h">
      <Filter>Sources\Tools\MathGeo</Filter>
    </ClInclude>
    <ClInclude Include="MathGeo\src\Math\Rect.h">
      <Filter>Sources\Tools\MathGeo</Filter>
    </ClInclude>
    <ClInclude Include="MathGeo\src\Math\Reinterpret.h">
      <Filter>Sources\Tools\MathGeo</Filter>
    </ClInclude>
    <ClInclude Include="MathGeo\src\Math\simd.h">
      <Filter>Sources\Tools\MathGeo</Filter>
    </ClInclude>
    <ClInclude Include="MathGeo\src\Math\SSEMath.h">
      <Filter>Sources\Tools\MathGeo</Filter>
    </ClInclude>
    <ClInclude Include="MathGeo\src\Math\sse_mathfun.h">
      <Filter>Sources\Tools\MathGeo</Filter>
    </ClInclude>
    <ClInclude Include="MathGeo\src\Math\Swap.h">
      <Filter>Sources\Tools\MathGeo</Filter>
    </ClInclude>
    <ClInclude Include="MathGeo\src\Math\TransformOps.h">
      <Filter>Sources\Tools\MathGeo</Filter>
    </ClInclude>
    <ClInclude Include="MathGeo\src\Math\vec2d.h">
      <Filter>Sources\Tools\MathGeo</Filter>
    </ClInclude>
    <ClInclude Include="MathGeo\src\Time\Clock.h">
      <Filter>Sources\Tools\MathGeo</Filter>
    </ClInclude>
    <ClInclude Include="MathGeo\src\MathBuildConfig.h">
      <Filter>Sources\Tools\MathGeo</Filter>
    </ClInclude>
    <ClInclude Include="MathGeo\src\MathGeoLib.h">
      <Filter>Sources\Tools\MathGeo</Filter>
    </ClInclude>
    <ClInclude Include="MathGeo\src\MathGeoLibFwd.h">
      <Filter>Sources\Tools\MathGeo</Filter>
    </ClInclude>
    <ClInclude Include="MathGeo\src\Algorithm\GJK.h">
      <Filter>Sources\Tools\MathGeo</Filter>
    </ClInclude>
    <ClInclude Include="MathGeo\src\Algorithm\GJK2D.h">
      <Filter>Sources\Tools\MathGeo</Filter>
    </ClInclude>
    <ClInclude Include="MathGeo\src\Algorithm\Random\LCG.h">
      <Filter>Sources\Tools\MathGeo</Filter>
    </ClInclude>
    <ClInclude Include="MathGeo\src\Algorithm\SAT.h">
      <Filter>Sources\Tools\MathGeo</Filter>
    </ClInclude>
    <ClInclude Include="ModuleFileSystem.h">
      <Filter>Sources\Modules</Filter>
    </ClInclude>
    <ClInclude Include="AssimpDefs.h">
      <Filter>Sources\Tools\Assimp</Filter>
    </ClInclude>
    <ClInclude Include="PhysFS\include\physfs.h">
      <Filter>Sources\Tools</Filter>
    </ClInclude>
    <ClInclude Include="ModuleFBXLoader.h">
      <Filter>Sources\Modules</Filter>
    </ClInclude>
    <ClInclude Include="DevIL.h">
      <Filter>Sources\Tools</Filter>
    </ClInclude>
    <ClInclude Include="ModuleMaterials.h">
      <Filter>Sources\Modules</Filter>
    </ClInclude>
    <ClInclude Include="ModuleGameObject.h">
      <Filter>Sources\Modules\GameObject</Filter>
    </ClInclude>
    <ClInclude Include="ModuleComponent.h">
      <Filter>Sources\Modules\GameObject\Components</Filter>
    </ClInclude>
    <ClInclude Include="ModuleComponentMesh.h">
      <Filter>Sources\Modules\GameObject\Components</Filter>
    </ClInclude>
    <ClInclude Include="ModuleComponentMaterial.h">
      <Filter>Sources\Modules\GameObject\Components</Filter>
    </ClInclude>
    <ClInclude Include="ModuleComponentTransform.h">
      <Filter>Sources\Modules\GameObject\Components</Filter>
    </ClInclude>
    <ClInclude Include="Hierarchy.h">
      <Filter>Sources\Modules\UI\Menus</Filter>
    </ClInclude>
    <ClInclude Include="Inspector.h">
      <Filter>Sources\Modules\UI\Menus</Filter>
    </ClInclude>
    <ClInclude Include="ModuleConsole.h">
      <Filter>Sources\Modules\UI\Console</Filter>
    </ClInclude>
    <ClInclude Include="ModuleComponentCamera.h">
      <Filter>Sources\Modules\GameObject\Components</Filter>
    </ClInclude>
    <ClInclude Include="Project.h">
      <Filter>Sources\Modules\UI\Project</Filter>
    </ClInclude>
    <ClInclude Include="FSdefinitions.h">
      <Filter>Sources\Tools</Filter>
    </ClInclude>
    <ClInclude Include="Resource.h">
      <Filter>Sources\Resources</Filter>
    </ClInclude>
    <ClInclude Include="ImGuizmo\ImGuizmo.h">
      <Filter>Sources\Tools\ImGuizmo</Filter>
    </ClInclude>
    <ClInclude Include="EditorPanel.h">
      <Filter>Sources\Modules\UI\Viewports</Filter>
    </ClInclude>
    <ClInclude Include="GameView.h">
      <Filter>Sources\Modules\UI\Viewports</Filter>
    </ClInclude>
    <ClInclude Include="SceneView.h">
      <Filter>Sources\Modules\UI\Viewports</Filter>
    </ClInclude>
    <ClInclude Include="ModuleParticles.h">
      <Filter>Sources\Modules\GameObject\Particles</Filter>
    </ClInclude>
    <ClInclude Include="Particles.h">
      <Filter>Sources\Modules\GameObject\Particles</Filter>
    </ClInclude>
    <ClInclude Include="ModuleComponentBillboard.h">
      <Filter>Sources\Modules\GameObject\Components</Filter>
    </ClInclude>
    <ClInclude Include="ModuleComponentParticles.h">
      <Filter>Sources\Modules\GameObject\Components</Filter>
    </ClInclude>
    <ClInclude Include="EmitterInstance.h">
      <Filter>Sources\Modules\GameObject\Particles</Filter>
    </ClInclude>
    <ClInclude Include="ParticlesEmitter.h">
      <Filter>Sources\Modules\GameObject\Particles</Filter>
    </ClInclude>
    <ClInclude Include="ModuleTimeManagement.h">
      <Filter>Sources\Modules</Filter>
    </ClInclude>
  </ItemGroup>
  <ItemGroup>
    <ClCompile Include="ModuleAudio.cpp">
      <Filter>Sources\Modules</Filter>
    </ClCompile>
    <ClCompile Include="ModuleCamera3D.cpp">
      <Filter>Sources\Modules</Filter>
    </ClCompile>
    <ClCompile Include="ModuleInput.cpp">
      <Filter>Sources\Modules</Filter>
    </ClCompile>
    <ClCompile Include="ModuleRenderer3D.cpp">
      <Filter>Sources\Modules</Filter>
    </ClCompile>
    <ClCompile Include="ModuleWindow.cpp">
      <Filter>Sources\Modules</Filter>
    </ClCompile>
    <ClCompile Include="log.cpp">
      <Filter>Sources\Tools</Filter>
    </ClCompile>
    <ClCompile Include="Timer.cpp">
      <Filter>Sources\Tools</Filter>
    </ClCompile>
    <ClCompile Include="Application.cpp">
      <Filter>Sources</Filter>
    </ClCompile>
    <ClCompile Include="Main.cpp">
      <Filter>Sources</Filter>
    </ClCompile>
    <ClCompile Include="glmath.cpp">
      <Filter>Sources\Containers</Filter>
    </ClCompile>
    <ClCompile Include="Primitive.cpp">
      <Filter>Sources\Helpers</Filter>
    </ClCompile>
    <ClCompile Include="Color.cpp">
      <Filter>Sources\Containers</Filter>
    </ClCompile>
    <ClCompile Include="Light.cpp">
      <Filter>Sources\Helpers</Filter>
    </ClCompile>
    <ClCompile Include="ModuleSceneIntro.cpp">
      <Filter>Sources\Modules\Game</Filter>
    </ClCompile>
    <ClCompile Include="ImGui\imgui.cpp">
      <Filter>Sources\ImGui</Filter>
    </ClCompile>
    <ClCompile Include="ImGui\imgui_demo.cpp">
      <Filter>Sources\ImGui</Filter>
    </ClCompile>
    <ClCompile Include="ImGui\imgui_draw.cpp">
      <Filter>Sources\ImGui</Filter>
    </ClCompile>
    <ClCompile Include="ImGui\imgui_impl_opengl2.cpp">
      <Filter>Sources\ImGui</Filter>
    </ClCompile>
    <ClCompile Include="ImGui\imgui_impl_opengl3.cpp">
      <Filter>Sources\ImGui</Filter>
    </ClCompile>
    <ClCompile Include="ImGui\imgui_impl_sdl.cpp">
      <Filter>Sources\ImGui</Filter>
    </ClCompile>
    <ClCompile Include="ImGui\imgui_tables.cpp">
      <Filter>Sources\ImGui</Filter>
    </ClCompile>
    <ClCompile Include="ImGui\imgui_widgets.cpp">
      <Filter>Sources\ImGui</Filter>
    </ClCompile>
    <ClCompile Include="ModuleUI.cpp">
      <Filter>Sources\Modules\UI</Filter>
    </ClCompile>
    <ClCompile Include="UI.cpp">
      <Filter>Sources\Modules\UI</Filter>
    </ClCompile>
    <ClCompile Include="AboutMenu.cpp">
      <Filter>Sources\Modules\UI\Menus</Filter>
    </ClCompile>
    <ClCompile Include="JsonParsing.cpp">
      <Filter>Sources\Tools\JsonParsing</Filter>
    </ClCompile>
    <ClCompile Include="json\parson.c">
      <Filter>Sources\Tools\JsonParsing</Filter>
    </ClCompile>
    <ClCompile Include="MathGeo\src\Geometry\AABB.cpp">
      <Filter>Sources\Tools\MathGeo</Filter>
    </ClCompile>
    <ClCompile Include="MathGeo\src\Geometry\Capsule.cpp">
      <Filter>Sources\Tools\MathGeo</Filter>
    </ClCompile>
    <ClCompile Include="MathGeo\src\Geometry\Circle.cpp">
      <Filter>Sources\Tools\MathGeo</Filter>
    </ClCompile>
    <ClCompile Include="MathGeo\src\Geometry\Circle2D.cpp">
      <Filter>Sources\Tools\MathGeo</Filter>
    </ClCompile>
    <ClCompile Include="MathGeo\src\Geometry\Frustum.cpp">
      <Filter>Sources\Tools\MathGeo</Filter>
    </ClCompile>
    <ClCompile Include="MathGeo\src\Geometry\Line.cpp">
      <Filter>Sources\Tools\MathGeo</Filter>
    </ClCompile>
    <ClCompile Include="MathGeo\src\Geometry\LineSegment.cpp">
      <Filter>Sources\Tools\MathGeo</Filter>
    </ClCompile>
    <ClCompile Include="MathGeo\src\Geometry\LineSegment2D.cpp">
      <Filter>Sources\Tools\MathGeo</Filter>
    </ClCompile>
    <ClCompile Include="MathGeo\src\Geometry\OBB.cpp">
      <Filter>Sources\Tools\MathGeo</Filter>
    </ClCompile>
    <ClCompile Include="MathGeo\src\Geometry\PBVolume.cpp">
      <Filter>Sources\Tools\MathGeo</Filter>
    </ClCompile>
    <ClCompile Include="MathGeo\src\Geometry\Plane.cpp">
      <Filter>Sources\Tools\MathGeo</Filter>
    </ClCompile>
    <ClCompile Include="MathGeo\src\Geometry\Polygon.cpp">
      <Filter>Sources\Tools\MathGeo</Filter>
    </ClCompile>
    <ClCompile Include="MathGeo\src\Geometry\Polyhedron.cpp">
      <Filter>Sources\Tools\MathGeo</Filter>
    </ClCompile>
    <ClCompile Include="MathGeo\src\Geometry\Ray.cpp">
      <Filter>Sources\Tools\MathGeo</Filter>
    </ClCompile>
    <ClCompile Include="MathGeo\src\Geometry\Sphere.cpp">
      <Filter>Sources\Tools\MathGeo</Filter>
    </ClCompile>
    <ClCompile Include="MathGeo\src\Geometry\Triangle.cpp">
      <Filter>Sources\Tools\MathGeo</Filter>
    </ClCompile>
    <ClCompile Include="MathGeo\src\Geometry\Triangle2D.cpp">
      <Filter>Sources\Tools\MathGeo</Filter>
    </ClCompile>
    <ClCompile Include="MathGeo\src\Geometry\TriangleMesh.cpp">
      <Filter>Sources\Tools\MathGeo</Filter>
    </ClCompile>
    <ClCompile Include="MathGeo\src\Math\BitOps.cpp">
      <Filter>Sources\Tools\MathGeo</Filter>
    </ClCompile>
    <ClCompile Include="MathGeo\src\Math\Callstack.cpp">
      <Filter>Sources\Tools\MathGeo</Filter>
    </ClCompile>
    <ClCompile Include="MathGeo\src\Math\float2.cpp">
      <Filter>Sources\Tools\MathGeo</Filter>
    </ClCompile>
    <ClCompile Include="MathGeo\src\Math\float3.cpp">
      <Filter>Sources\Tools\MathGeo</Filter>
    </ClCompile>
    <ClCompile Include="MathGeo\src\Math\float3x3.cpp">
      <Filter>Sources\Tools\MathGeo</Filter>
    </ClCompile>
    <ClCompile Include="MathGeo\src\Math\float3x4.cpp">
      <Filter>Sources\Tools\MathGeo</Filter>
    </ClCompile>
    <ClCompile Include="MathGeo\src\Math\float4.cpp">
      <Filter>Sources\Tools\MathGeo</Filter>
    </ClCompile>
    <ClCompile Include="MathGeo\src\Math\float4d.cpp">
      <Filter>Sources\Tools\MathGeo</Filter>
    </ClCompile>
    <ClCompile Include="MathGeo\src\Math\float4x4.cpp">
      <Filter>Sources\Tools\MathGeo</Filter>
    </ClCompile>
    <ClCompile Include="MathGeo\src\Math\grisu3.c">
      <Filter>Sources\Tools\MathGeo</Filter>
    </ClCompile>
    <ClCompile Include="MathGeo\src\Math\grisu3_cpp.cpp">
      <Filter>Sources\Tools\MathGeo</Filter>
    </ClCompile>
    <ClCompile Include="MathGeo\src\Math\MathFunc.cpp">
      <Filter>Sources\Tools\MathGeo</Filter>
    </ClCompile>
    <ClCompile Include="MathGeo\src\Math\MathLog.cpp">
      <Filter>Sources\Tools\MathGeo</Filter>
    </ClCompile>
    <ClCompile Include="MathGeo\src\Math\MathOps.cpp">
      <Filter>Sources\Tools\MathGeo</Filter>
    </ClCompile>
    <ClCompile Include="MathGeo\src\Math\MiniFloat.cpp">
      <Filter>Sources\Tools\MathGeo</Filter>
    </ClCompile>
    <ClCompile Include="MathGeo\src\Math\Polynomial.cpp">
      <Filter>Sources\Tools\MathGeo</Filter>
    </ClCompile>
    <ClCompile Include="MathGeo\src\Math\Quat.cpp">
      <Filter>Sources\Tools\MathGeo</Filter>
    </ClCompile>
    <ClCompile Include="MathGeo\src\Math\SSEMath.cpp">
      <Filter>Sources\Tools\MathGeo</Filter>
    </ClCompile>
    <ClCompile Include="MathGeo\src\Math\TransformOps.cpp">
      <Filter>Sources\Tools\MathGeo</Filter>
    </ClCompile>
    <ClCompile Include="MathGeo\src\Time\Clock.cpp">
      <Filter>Sources\Tools\MathGeo</Filter>
    </ClCompile>
    <ClCompile Include="MathGeo\src\Algorithm\GJK.cpp">
      <Filter>Sources\Tools\MathGeo</Filter>
    </ClCompile>
    <ClCompile Include="MathGeo\src\Algorithm\GJK2D.cpp">
      <Filter>Sources\Tools\MathGeo</Filter>
    </ClCompile>
    <ClCompile Include="MathGeo\src\Algorithm\Random\LCG.cpp">
      <Filter>Sources\Tools\MathGeo</Filter>
    </ClCompile>
    <ClCompile Include="MathGeo\src\Algorithm\SAT.cpp">
      <Filter>Sources\Tools\MathGeo</Filter>
    </ClCompile>
    <ClCompile Include="ModuleFileSystem.cpp">
      <Filter>Sources\Modules</Filter>
    </ClCompile>
    <ClCompile Include="AssimpDefs.cpp">
      <Filter>Sources\Tools\Assimp</Filter>
    </ClCompile>
    <ClCompile Include="ModuleFBXLoader.cpp">
      <Filter>Sources\Modules</Filter>
    </ClCompile>
    <ClCompile Include="ModuleMaterials.cpp">
      <Filter>Sources\Modules</Filter>
    </ClCompile>
    <ClCompile Include="ModuleGameObject.cpp">
      <Filter>Sources\Modules\GameObject</Filter>
    </ClCompile>
    <ClCompile Include="ModuleComponent.cpp">
      <Filter>Sources\Modules\GameObject\Components</Filter>
    </ClCompile>
    <ClCompile Include="ModuleComponentMesh.cpp">
      <Filter>Sources\Modules\GameObject\Components</Filter>
    </ClCompile>
    <ClCompile Include="ModuleComponentMaterial.cpp">
      <Filter>Sources\Modules\GameObject\Components</Filter>
    </ClCompile>
    <ClCompile Include="ModuleComponentTransform.cpp">
      <Filter>Sources\Modules\GameObject\Components</Filter>
    </ClCompile>
    <ClCompile Include="Hierarchy.cpp">
      <Filter>Sources\Modules\UI\Menus</Filter>
    </ClCompile>
    <ClCompile Include="Inspector.cpp">
      <Filter>Sources\Modules\UI\Menus</Filter>
    </ClCompile>
    <ClCompile Include="ModuleConsole.cpp">
      <Filter>Sources\Modules\UI\Console</Filter>
    </ClCompile>
    <ClCompile Include="ModuleComponentCamera.cpp">
      <Filter>Sources\Modules\GameObject\Components</Filter>
    </ClCompile>
    <ClCompile Include="Project.cpp">
      <Filter>Sources\Modules\UI\Project</Filter>
    </ClCompile>
    <ClCompile Include="ImGuizmo\ImGuizmo.cpp">
      <Filter>Sources\Tools\ImGuizmo</Filter>
    </ClCompile>
    <ClCompile Include="EditorPanel.cpp">
      <Filter>Sources\Modules\UI\Viewports</Filter>
    </ClCompile>
    <ClCompile Include="GameView.cpp">
      <Filter>Sources\Modules\UI\Viewports</Filter>
    </ClCompile>
    <ClCompile Include="SceneView.cpp">
      <Filter>Sources\Modules\UI\Viewports</Filter>
    </ClCompile>
    <ClCompile Include="ModuleParticles.cpp">
      <Filter>Sources\Modules\GameObject\Particles</Filter>
    </ClCompile>
    <ClCompile Include="Particles.cpp">
      <Filter>Sources\Modules\GameObject\Particles</Filter>
    </ClCompile>
    <ClCompile Include="ModuleComponentBillboard.cpp">
      <Filter>Sources\Modules\GameObject\Components</Filter>
    </ClCompile>
    <ClCompile Include="ModuleComponentParticles.cpp">
      <Filter>Sources\Modules\GameObject\Components</Filter>
    </ClCompile>
    <ClCompile Include="EmitterInstance.cpp">
      <Filter>Sources\Modules\GameObject\Particles</Filter>
    </ClCompile>
    <ClCompile Include="ParticlesEmitter.cpp">
      <Filter>Sources\Modules\GameObject\Particles</Filter>
    </ClCompile>
    <ClCompile Include="ModuleTimeManagement.cpp">
      <Filter>Sources\Modules</Filter>
    </ClCompile>
  </ItemGroup>
  <ItemGroup>
    <None Include="MathGeo\src\Geometry\KDTree.inl">
      <Filter>Sources\Tools\MathGeo</Filter>
    </None>
    <None Include="MathGeo\src\Geometry\QuadTree.inl">
      <Filter>Sources\Tools\MathGeo</Filter>
    </None>
    <None Include="MathGeo\src\Geometry\TriangleMesh_IntersectRay_AVX.inl">
      <Filter>Sources\Tools\MathGeo</Filter>
    </None>
    <None Include="MathGeo\src\Geometry\TriangleMesh_IntersectRay_CPP.inl">
      <Filter>Sources\Tools\MathGeo</Filter>
    </None>
    <None Include="MathGeo\src\Geometry\TriangleMesh_IntersectRay_SSE.inl">
      <Filter>Sources\Tools\MathGeo</Filter>
    </None>
    <None Include="MathGeo\src\Math\float2.inl">
      <Filter>Sources\Tools\MathGeo</Filter>
    </None>
    <None Include="MathGeo\src\Math\Matrix.inl">
      <Filter>Sources\Tools\MathGeo</Filter>
    </None>
  </ItemGroup>
</Project>