<?xml version="1.0" encoding="utf-8"?>
<Project ToolsVersion="16.0" xmlns="http://schemas.microsoft.com/developer/msbuild/2003">
  <ItemGroup>
    <ClCompile Include="C:\Users\EL ZORRO\Desktop\MathGeoLib-1.5\src\Algorithm\Random\LCG.cpp">
      <Filter>Source Files</Filter>
    </ClCompile>
    <ClCompile Include="C:\Users\EL ZORRO\Desktop\MathGeoLib-1.5\src\Geometry\AABB.cpp">
      <Filter>Source Files</Filter>
    </ClCompile>
    <ClCompile Include="C:\Users\EL ZORRO\Desktop\MathGeoLib-1.5\src\Geometry\Capsule.cpp">
      <Filter>Source Files</Filter>
    </ClCompile>
    <ClCompile Include="C:\Users\EL ZORRO\Desktop\MathGeoLib-1.5\src\Geometry\Circle.cpp">
      <Filter>Source Files</Filter>
    </ClCompile>
    <ClCompile Include="C:\Users\EL ZORRO\Desktop\MathGeoLib-1.5\src\Geometry\Frustum.cpp">
      <Filter>Source Files</Filter>
    </ClCompile>
    <ClCompile Include="C:\Users\EL ZORRO\Desktop\MathGeoLib-1.5\src\Geometry\Line.cpp">
      <Filter>Source Files</Filter>
    </ClCompile>
    <ClCompile Include="C:\Users\EL ZORRO\Desktop\MathGeoLib-1.5\src\Geometry\LineSegment.cpp">
      <Filter>Source Files</Filter>
    </ClCompile>
    <ClCompile Include="C:\Users\EL ZORRO\Desktop\MathGeoLib-1.5\src\Geometry\OBB.cpp">
      <Filter>Source Files</Filter>
    </ClCompile>
    <ClCompile Include="C:\Users\EL ZORRO\Desktop\MathGeoLib-1.5\src\Geometry\Plane.cpp">
      <Filter>Source Files</Filter>
    </ClCompile>
    <ClCompile Include="C:\Users\EL ZORRO\Desktop\MathGeoLib-1.5\src\Geometry\Polygon.cpp">
      <Filter>Source Files</Filter>
    </ClCompile>
    <ClCompile Include="C:\Users\EL ZORRO\Desktop\MathGeoLib-1.5\src\Geometry\Polyhedron.cpp">
      <Filter>Source Files</Filter>
    </ClCompile>
    <ClCompile Include="C:\Users\EL ZORRO\Desktop\MathGeoLib-1.5\src\Geometry\Ray.cpp">
      <Filter>Source Files</Filter>
    </ClCompile>
    <ClCompile Include="C:\Users\EL ZORRO\Desktop\MathGeoLib-1.5\src\Geometry\Sphere.cpp">
      <Filter>Source Files</Filter>
    </ClCompile>
    <ClCompile Include="C:\Users\EL ZORRO\Desktop\MathGeoLib-1.5\src\Geometry\Triangle.cpp">
      <Filter>Source Files</Filter>
    </ClCompile>
    <ClCompile Include="C:\Users\EL ZORRO\Desktop\MathGeoLib-1.5\src\Geometry\TriangleMesh.cpp">
      <Filter>Source Files</Filter>
    </ClCompile>
    <ClCompile Include="C:\Users\EL ZORRO\Desktop\MathGeoLib-1.5\src\Math\BitOps.cpp">
      <Filter>Source Files</Filter>
    </ClCompile>
    <ClCompile Include="C:\Users\EL ZORRO\Desktop\MathGeoLib-1.5\src\Math\MathFunc.cpp">
      <Filter>Source Files</Filter>
    </ClCompile>
    <ClCompile Include="C:\Users\EL ZORRO\Desktop\MathGeoLib-1.5\src\Math\MathLog.cpp">
      <Filter>Source Files</Filter>
    </ClCompile>
    <ClCompile Include="C:\Users\EL ZORRO\Desktop\MathGeoLib-1.5\src\Math\MathOps.cpp">
      <Filter>Source Files</Filter>
    </ClCompile>
    <ClCompile Include="C:\Users\EL ZORRO\Desktop\MathGeoLib-1.5\src\Math\Polynomial.cpp">
      <Filter>Source Files</Filter>
    </ClCompile>
    <ClCompile Include="C:\Users\EL ZORRO\Desktop\MathGeoLib-1.5\src\Math\Quat.cpp">
      <Filter>Source Files</Filter>
    </ClCompile>
    <ClCompile Include="C:\Users\EL ZORRO\Desktop\MathGeoLib-1.5\src\Math\SSEMath.cpp">
      <Filter>Source Files</Filter>
    </ClCompile>
    <ClCompile Include="C:\Users\EL ZORRO\Desktop\MathGeoLib-1.5\src\Math\TransformOps.cpp">
      <Filter>Source Files</Filter>
    </ClCompile>
    <ClCompile Include="C:\Users\EL ZORRO\Desktop\MathGeoLib-1.5\src\Math\float2.cpp">
      <Filter>Source Files</Filter>
    </ClCompile>
    <ClCompile Include="C:\Users\EL ZORRO\Desktop\MathGeoLib-1.5\src\Math\float3.cpp">
      <Filter>Source Files</Filter>
    </ClCompile>
    <ClCompile Include="C:\Users\EL ZORRO\Desktop\MathGeoLib-1.5\src\Math\float3x3.cpp">
      <Filter>Source Files</Filter>
    </ClCompile>
    <ClCompile Include="C:\Users\EL ZORRO\Desktop\MathGeoLib-1.5\src\Math\float3x4.cpp">
      <Filter>Source Files</Filter>
    </ClCompile>
    <ClCompile Include="C:\Users\EL ZORRO\Desktop\MathGeoLib-1.5\src\Math\float4.cpp">
      <Filter>Source Files</Filter>
    </ClCompile>
    <ClCompile Include="C:\Users\EL ZORRO\Desktop\MathGeoLib-1.5\src\Math\float4x4.cpp">
      <Filter>Source Files</Filter>
    </ClCompile>
    <ClCompile Include="C:\Users\EL ZORRO\Desktop\MathGeoLib-1.5\src\Time\Clock.cpp">
      <Filter>Source Files</Filter>
    </ClCompile>
  </ItemGroup>
  <ItemGroup>
    <ClInclude Include="C:\Users\EL ZORRO\Desktop\MathGeoLib-1.5\src\Algorithm\Random\LCG.h">
      <Filter>Header Files</Filter>
    </ClInclude>
    <ClInclude Include="C:\Users\EL ZORRO\Desktop\MathGeoLib-1.5\src\Geometry\AABB.h">
      <Filter>Header Files</Filter>
    </ClInclude>
    <ClInclude Include="C:\Users\EL ZORRO\Desktop\MathGeoLib-1.5\src\Geometry\AABB2D.h">
      <Filter>Header Files</Filter>
    </ClInclude>
    <ClInclude Include="C:\Users\EL ZORRO\Desktop\MathGeoLib-1.5\src\Geometry\Capsule.h">
      <Filter>Header Files</Filter>
    </ClInclude>
    <ClInclude Include="C:\Users\EL ZORRO\Desktop\MathGeoLib-1.5\src\Geometry\Circle.h">
      <Filter>Header Files</Filter>
    </ClInclude>
    <ClInclude Include="C:\Users\EL ZORRO\Desktop\MathGeoLib-1.5\src\Geometry\Frustum.h">
      <Filter>Header Files</Filter>
    </ClInclude>
    <ClInclude Include="C:\Users\EL ZORRO\Desktop\MathGeoLib-1.5\src\Geometry\GeomType.h">
      <Filter>Header Files</Filter>
    </ClInclude>
    <ClInclude Include="C:\Users\EL ZORRO\Desktop\MathGeoLib-1.5\src\Geometry\GeometryAll.h">
      <Filter>Header Files</Filter>
    </ClInclude>
    <ClInclude Include="C:\Users\EL ZORRO\Desktop\MathGeoLib-1.5\src\Geometry\HitInfo.h">
      <Filter>Header Files</Filter>
    </ClInclude>
    <ClInclude Include="C:\Users\EL ZORRO\Desktop\MathGeoLib-1.5\src\Geometry\KDTree.h">
      <Filter>Header Files</Filter>
    </ClInclude>
    <ClInclude Include="C:\Users\EL ZORRO\Desktop\MathGeoLib-1.5\src\Geometry\Line.h">
      <Filter>Header Files</Filter>
    </ClInclude>
    <ClInclude Include="C:\Users\EL ZORRO\Desktop\MathGeoLib-1.5\src\Geometry\LineSegment.h">
      <Filter>Header Files</Filter>
    </ClInclude>
    <ClInclude Include="C:\Users\EL ZORRO\Desktop\MathGeoLib-1.5\src\Geometry\OBB.h">
      <Filter>Header Files</Filter>
    </ClInclude>
    <ClInclude Include="C:\Users\EL ZORRO\Desktop\MathGeoLib-1.5\src\Geometry\PBVolume.h">
      <Filter>Header Files</Filter>
    </ClInclude>
    <ClInclude Include="C:\Users\EL ZORRO\Desktop\MathGeoLib-1.5\src\Geometry\Plane.h">
      <Filter>Header Files</Filter>
    </ClInclude>
    <ClInclude Include="C:\Users\EL ZORRO\Desktop\MathGeoLib-1.5\src\Geometry\Polygon.h">
      <Filter>Header Files</Filter>
    </ClInclude>
    <ClInclude Include="C:\Users\EL ZORRO\Desktop\MathGeoLib-1.5\src\Geometry\Polyhedron.h">
      <Filter>Header Files</Filter>
    </ClInclude>
    <ClInclude Include="C:\Users\EL ZORRO\Desktop\MathGeoLib-1.5\src\Geometry\QuadTree.h">
      <Filter>Header Files</Filter>
    </ClInclude>
    <ClInclude Include="C:\Users\EL ZORRO\Desktop\MathGeoLib-1.5\src\Geometry\Ray.h">
      <Filter>Header Files</Filter>
    </ClInclude>
    <ClInclude Include="C:\Users\EL ZORRO\Desktop\MathGeoLib-1.5\src\Geometry\Sphere.h">
      <Filter>Header Files</Filter>
    </ClInclude>
    <ClInclude Include="C:\Users\EL ZORRO\Desktop\MathGeoLib-1.5\src\Geometry\Triangle.h">
      <Filter>Header Files</Filter>
    </ClInclude>
    <ClInclude Include="C:\Users\EL ZORRO\Desktop\MathGeoLib-1.5\src\Geometry\TriangleMesh.h">
      <Filter>Header Files</Filter>
    </ClInclude>
    <ClInclude Include="C:\Users\EL ZORRO\Desktop\MathGeoLib-1.5\src\Math\BitOps.h">
      <Filter>Header Files</Filter>
    </ClInclude>
    <ClInclude Include="C:\Users\EL ZORRO\Desktop\MathGeoLib-1.5\src\Math\Complex.h">
      <Filter>Header Files</Filter>
    </ClInclude>
    <ClInclude Include="C:\Users\EL ZORRO\Desktop\MathGeoLib-1.5\src\Math\CoordinateAxisConvention.h">
      <Filter>Header Files</Filter>
    </ClInclude>
    <ClInclude Include="C:\Users\EL ZORRO\Desktop\MathGeoLib-1.5\src\Math\FixedPoint.h">
      <Filter>Header Files</Filter>
    </ClInclude>
    <ClInclude Include="C:\Users\EL ZORRO\Desktop\MathGeoLib-1.5\src\Math\FloatCmp.h">
      <Filter>Header Files</Filter>
    </ClInclude>
    <ClInclude Include="C:\Users\EL ZORRO\Desktop\MathGeoLib-1.5\src\Math\MathAll.h">
      <Filter>Header Files</Filter>
    </ClInclude>
    <ClInclude Include="C:\Users\EL ZORRO\Desktop\MathGeoLib-1.5\src\Math\MathConstants.h">
      <Filter>Header Files</Filter>
    </ClInclude>
    <ClInclude Include="C:\Users\EL ZORRO\Desktop\MathGeoLib-1.5\src\Math\MathFunc.h">
      <Filter>Header Files</Filter>
    </ClInclude>
    <ClInclude Include="C:\Users\EL ZORRO\Desktop\MathGeoLib-1.5\src\Math\MathLog.h">
      <Filter>Header Files</Filter>
    </ClInclude>
    <ClInclude Include="C:\Users\EL ZORRO\Desktop\MathGeoLib-1.5\src\Math\MathNamespace.h">
      <Filter>Header Files</Filter>
    </ClInclude>
    <ClInclude Include="C:\Users\EL ZORRO\Desktop\MathGeoLib-1.5\src\Math\MathTypes.h">
      <Filter>Header Files</Filter>
    </ClInclude>
    <ClInclude Include="C:\Users\EL ZORRO\Desktop\MathGeoLib-1.5\src\Math\MatrixProxy.h">
      <Filter>Header Files</Filter>
    </ClInclude>
    <ClInclude Include="C:\Users\EL ZORRO\Desktop\MathGeoLib-1.5\src\Math\Polynomial.h">
      <Filter>Header Files</Filter>
    </ClInclude>
    <ClInclude Include="C:\Users\EL ZORRO\Desktop\MathGeoLib-1.5\src\Math\Quat.h">
      <Filter>Header Files</Filter>
    </ClInclude>
    <ClInclude Include="C:\Users\EL ZORRO\Desktop\MathGeoLib-1.5\src\Math\Rect.h">
      <Filter>Header Files</Filter>
    </ClInclude>
    <ClInclude Include="C:\Users\EL ZORRO\Desktop\MathGeoLib-1.5\src\Math\Reinterpret.h">
      <Filter>Header Files</Filter>
    </ClInclude>
    <ClInclude Include="C:\Users\EL ZORRO\Desktop\MathGeoLib-1.5\src\Math\SSEMath.h">
      <Filter>Header Files</Filter>
    </ClInclude>
    <ClInclude Include="C:\Users\EL ZORRO\Desktop\MathGeoLib-1.5\src\Math\TransformOps.h">
      <Filter>Header Files</Filter>
    </ClInclude>
    <ClInclude Include="C:\Users\EL ZORRO\Desktop\MathGeoLib-1.5\src\Math\assume.h">
      <Filter>Header Files</Filter>
    </ClInclude>
    <ClInclude Include="C:\Users\EL ZORRO\Desktop\MathGeoLib-1.5\src\Math\float2.h">
      <Filter>Header Files</Filter>
    </ClInclude>
    <ClInclude Include="C:\Users\EL ZORRO\Desktop\MathGeoLib-1.5\src\Math\float3.h">
      <Filter>Header Files</Filter>
    </ClInclude>
    <ClInclude Include="C:\Users\EL ZORRO\Desktop\MathGeoLib-1.5\src\Math\float3x3.h">
      <Filter>Header Files</Filter>
    </ClInclude>
    <ClInclude Include="C:\Users\EL ZORRO\Desktop\MathGeoLib-1.5\src\Math\float3x4.h">
      <Filter>Header Files</Filter>
    </ClInclude>
    <ClInclude Include="C:\Users\EL ZORRO\Desktop\MathGeoLib-1.5\src\Math\float4.h">
      <Filter>Header Files</Filter>
    </ClInclude>
    <ClInclude Include="C:\Users\EL ZORRO\Desktop\MathGeoLib-1.5\src\Math\float4_neon.h">
      <Filter>Header Files</Filter>
    </ClInclude>
    <ClInclude Include="C:\Users\EL ZORRO\Desktop\MathGeoLib-1.5\src\Math\float4_sse.h">
      <Filter>Header Files</Filter>
    </ClInclude>
    <ClInclude Include="C:\Users\EL ZORRO\Desktop\MathGeoLib-1.5\src\Math\float4x4.h">
      <Filter>Header Files</Filter>
    </ClInclude>
    <ClInclude Include="C:\Users\EL ZORRO\Desktop\MathGeoLib-1.5\src\Math\float4x4_neon.h">
      <Filter>Header Files</Filter>
    </ClInclude>
    <ClInclude Include="C:\Users\EL ZORRO\Desktop\MathGeoLib-1.5\src\Math\float4x4_sse.h">
      <Filter>Header Files</Filter>
    </ClInclude>
    <ClInclude Include="C:\Users\EL ZORRO\Desktop\MathGeoLib-1.5\src\Math\myassert.h">
      <Filter>Header Files</Filter>
    </ClInclude>
    <ClInclude Include="C:\Users\EL ZORRO\Desktop\MathGeoLib-1.5\src\Math\quat_simd.h">
      <Filter>Header Files</Filter>
    </ClInclude>
    <ClInclude Include="C:\Users\EL ZORRO\Desktop\MathGeoLib-1.5\src\Math\sse_mathfun.h">
      <Filter>Header Files</Filter>
    </ClInclude>
    <ClInclude Include="C:\Users\EL ZORRO\Desktop\MathGeoLib-1.5\src\MathBuildConfig.h">
      <Filter>Header Files</Filter>
    </ClInclude>
    <ClInclude Include="C:\Users\EL ZORRO\Desktop\MathGeoLib-1.5\src\MathGeoLib.h">
      <Filter>Header Files</Filter>
    </ClInclude>
    <ClInclude Include="C:\Users\EL ZORRO\Desktop\MathGeoLib-1.5\src\MathGeoLibFwd.h">
      <Filter>Header Files</Filter>
    </ClInclude>
    <ClInclude Include="C:\Users\EL ZORRO\Desktop\MathGeoLib-1.5\src\Time\Clock.h">
      <Filter>Header Files</Filter>
    </ClInclude>
  </ItemGroup>
  <ItemGroup>
    <CustomBuild Include="C:\Users\EL ZORRO\Desktop\MathGeoLib-1.5\CMakeLists.txt" />
  </ItemGroup>
  <ItemGroup>
    <Filter Include="Header Files">
      <UniqueIdentifier>{840C074B-679A-3C52-859E-93106501C41C}</UniqueIdentifier>
    </Filter>
    <Filter Include="Source Files">
      <UniqueIdentifier>{88FEE26C-1302-306F-BEA0-6E0BEC0A612C}</UniqueIdentifier>
    </Filter>
  </ItemGroup>
</Project>
